// !$*UTF8*$!
{
	archiveVersion = 1;
	classes = {
	};
	objectVersion = 46;
	objects = {

/* Begin PBXBuildFile section */
		E70666E71EF5285000855D2E /* main.m in Sources */ = {isa = PBXBuildFile; fileRef = E70666E61EF5285000855D2E /* main.m */; };
		E70666EA1EF5285000855D2E /* AppDelegate.m in Sources */ = {isa = PBXBuildFile; fileRef = E70666E91EF5285000855D2E /* AppDelegate.m */; };
		E70666ED1EF5285000855D2E /* ViewController.m in Sources */ = {isa = PBXBuildFile; fileRef = E70666EC1EF5285000855D2E /* ViewController.m */; };
		E70666F01EF5285000855D2E /* Main.storyboard in Resources */ = {isa = PBXBuildFile; fileRef = E70666EE1EF5285000855D2E /* Main.storyboard */; };
		E70666F21EF5285000855D2E /* Assets.xcassets in Resources */ = {isa = PBXBuildFile; fileRef = E70666F11EF5285000855D2E /* Assets.xcassets */; };
		E70666F51EF5285000855D2E /* LaunchScreen.storyboard in Resources */ = {isa = PBXBuildFile; fileRef = E70666F31EF5285000855D2E /* LaunchScreen.storyboard */; };
/* End PBXBuildFile section */

/* Begin PBXFileReference section */
		E70666E21EF5285000855D2E /* Deezer.app */ = {isa = PBXFileReference; explicitFileType = wrapper.application; includeInIndex = 0; path = Deezer.app; sourceTree = BUILT_PRODUCTS_DIR; };
		E70666E61EF5285000855D2E /* main.m */ = {isa = PBXFileReference; lastKnownFileType = sourcecode.c.objc; path = main.m; sourceTree = "<group>"; };
		E70666E81EF5285000855D2E /* AppDelegate.h */ = {isa = PBXFileReference; lastKnownFileType = sourcecode.c.h; path = AppDelegate.h; sourceTree = "<group>"; };
		E70666E91EF5285000855D2E /* AppDelegate.m */ = {isa = PBXFileReference; lastKnownFileType = sourcecode.c.objc; path = AppDelegate.m; sourceTree = "<group>"; };
		E70666EB1EF5285000855D2E /* ViewController.h */ = {isa = PBXFileReference; lastKnownFileType = sourcecode.c.h; path = ViewController.h; sourceTree = "<group>"; };
		E70666EC1EF5285000855D2E /* ViewController.m */ = {isa = PBXFileReference; lastKnownFileType = sourcecode.c.objc; path = ViewController.m; sourceTree = "<group>"; };
		E70666EF1EF5285000855D2E /* Base */ = {isa = PBXFileReference; lastKnownFileType = file.storyboard; name = Base; path = Base.lproj/Main.storyboard; sourceTree = "<group>"; };
		E70666F11EF5285000855D2E /* Assets.xcassets */ = {isa = PBXFileReference; lastKnownFileType = folder.assetcatalog; path = Assets.xcassets; sourceTree = "<group>"; };
		E70666F41EF5285000855D2E /* Base */ = {isa = PBXFileReference; lastKnownFileType = file.storyboard; name = Base; path = Base.lproj/LaunchScreen.storyboard; sourceTree = "<group>"; };
		E70666F61EF5285000855D2E /* Info.plist */ = {isa = PBXFileReference; lastKnownFileType = text.plist.xml; path = Info.plist; sourceTree = "<group>"; };
/* End PBXFileReference section */

/* Begin PBXFrameworksBuildPhase section */
		E70666DF1EF5285000855D2E /* Frameworks */ = {
			isa = PBXFrameworksBuildPhase;
			buildActionMask = 2147483647;
			files = (
			);
			runOnlyForDeploymentPostprocessing = 0;
		};
/* End PBXFrameworksBuildPhase section */

/* Begin PBXGroup section */
		E70666D91EF5285000855D2E = {
			isa = PBXGroup;
			children = (
				E70666E41EF5285000855D2E /* Deezer */,
				E70666E31EF5285000855D2E /* Products */,
			);
			sourceTree = "<group>";
		};
		E70666E31EF5285000855D2E /* Products */ = {
			isa = PBXGroup;
			children = (
				E70666E21EF5285000855D2E /* Deezer.app */,
			);
			name = Products;
			sourceTree = "<group>";
		};
		E70666E41EF5285000855D2E /* Deezer */ = {
			isa = PBXGroup;
			children = (
				E70666E81EF5285000855D2E /* AppDelegate.h */,
				E70666E91EF5285000855D2E /* AppDelegate.m */,
				E70666EB1EF5285000855D2E /* ViewController.h */,
				E70666EC1EF5285000855D2E /* ViewController.m */,
				E70666EE1EF5285000855D2E /* Main.storyboard */,
				E70666F11EF5285000855D2E /* Assets.xcassets */,
				E70666F31EF5285000855D2E /* LaunchScreen.storyboard */,
				E70666F61EF5285000855D2E /* Info.plist */,
				E70666E51EF5285000855D2E /* Supporting Files */,
			);
			path = Deezer;
			sourceTree = "<group>";
		};
		E70666E51EF5285000855D2E /* Supporting Files */ = {
			isa = PBXGroup;
			children = (
				E70666E61EF5285000855D2E /* main.m */,
			);
			name = "Supporting Files";
			sourceTree = "<group>";
		};
/* End PBXGroup section */

/* Begin PBXNativeTarget section */
		E70666E11EF5285000855D2E /* Deezer */ = {
			isa = PBXNativeTarget;
			buildConfigurationList = E70666F91EF5285000855D2E /* Build configuration list for PBXNativeTarget "Deezer" */;
			buildPhases = (
				E70666DE1EF5285000855D2E /* Sources */,
				E70666DF1EF5285000855D2E /* Frameworks */,
				E70666E01EF5285000855D2E /* Resources */,
			);
			buildRules = (
			);
			dependencies = (
			);
			name = Deezer;
			productName = Deezer;
			productReference = E70666E21EF5285000855D2E /* Deezer.app */;
			productType = "com.apple.product-type.application";
		};
/* End PBXNativeTarget section */

/* Begin PBXProject section */
		E70666DA1EF5285000855D2E /* Project object */ = {
			isa = PBXProject;
			attributes = {
				LastUpgradeCheck = 0830;
				ORGANIZATIONNAME = "Vladimir Deriglazov";
				TargetAttributes = {
					E70666E11EF5285000855D2E = {
						CreatedOnToolsVersion = 8.3.3;
						ProvisioningStyle = Automatic;
					};
				};
			};
			buildConfigurationList = E70666DD1EF5285000855D2E /* Build configuration list for PBXProject "Deezer" */;
			compatibilityVersion = "Xcode 3.2";
			developmentRegion = English;
			hasScannedForEncodings = 0;
			knownRegions = (
				en,
				Base,
			);
			mainGroup = E70666D91EF5285000855D2E;
			productRefGroup = E70666E31EF5285000855D2E /* Products */;
			projectDirPath = "";
			projectRoot = "";
			targets = (
				E70666E11EF5285000855D2E /* Deezer */,
			);
		};
/* End PBXProject section */

/* Begin PBXResourcesBuildPhase section */
		E70666E01EF5285000855D2E /* Resources */ = {
			isa = PBXResourcesBuildPhase;
			buildActionMask = 2147483647;
			files = (
				E70666F51EF5285000855D2E /* LaunchScreen.storyboard in Resources */,
				E70666F21EF5285000855D2E /* Assets.xcassets in Resources */,
				E70666F01EF5285000855D2E /* Main.storyboard in Resources */,
			);
			runOnlyForDeploymentPostprocessing = 0;
		};
/* End PBXResourcesBuildPhase section */

/* Begin PBXSourcesBuildPhase section */
		E70666DE1EF5285000855D2E /* Sources */ = {
			isa = PBXSourcesBuildPhase;
			buildActionMask = 2147483647;
			files = (
				E70666ED1EF5285000855D2E /* ViewController.m in Sources */,
				E70666EA1EF5285000855D2E /* AppDelegate.m in Sources */,
				E70666E71EF5285000855D2E /* main.m in Sources */,
			);
			runOnlyForDeploymentPostprocessing = 0;
		};
/* End PBXSourcesBuildPhase section */

/* Begin PBXVariantGroup section */
		E70666EE1EF5285000855D2E /* Main.storyboard */ = {
			isa = PBXVariantGroup;
			children = (
				E70666EF1EF5285000855D2E /* Base */,
			);
			name = Main.storyboard;
			sourceTree = "<group>";
		};
		E70666F31EF5285000855D2E /* LaunchScreen.storyboard */ = {
			isa = PBXVariantGroup;
			children = (
				E70666F41EF5285000855D2E /* Base */,
			);
			name = LaunchScreen.storyboard;
			sourceTree = "<group>";
		};
/* End PBXVariantGroup section */

/* Begin XCBuildConfiguration section */
		E70666F71EF5285000855D2E /* Debug */ = {
			isa = XCBuildConfiguration;
			buildSettings = {
				ALWAYS_SEARCH_USER_PATHS = NO;
				CLANG_ANALYZER_NONNULL = YES;
				CLANG_ANALYZER_NUMBER_OBJECT_CONVERSION = YES_AGGRESSIVE;
				CLANG_CXX_LANGUAGE_STANDARD = "gnu++0x";
				CLANG_CXX_LIBRARY = "libc++";
				CLANG_ENABLE_MODULES = YES;
				CLANG_ENABLE_OBJC_ARC = YES;
				CLANG_WARN_BOOL_CONVERSION = YES;
				CLANG_WARN_CONSTANT_CONVERSION = YES;
				CLANG_WARN_DIRECT_OBJC_ISA_USAGE = YES_ERROR;
				CLANG_WARN_DOCUMENTATION_COMMENTS = YES;
				CLANG_WARN_EMPTY_BODY = YES;
				CLANG_WARN_ENUM_CONVERSION = YES;
				CLANG_WARN_INFINITE_RECURSION = YES;
				CLANG_WARN_INT_CONVERSION = YES;
				CLANG_WARN_OBJC_ROOT_CLASS = YES_ERROR;
				CLANG_WARN_SUSPICIOUS_MOVE = YES;
				CLANG_WARN_UNREACHABLE_CODE = YES;
				CLANG_WARN__DUPLICATE_METHOD_MATCH = YES;
				"CODE_SIGN_IDENTITY[sdk=iphoneos*]" = "iPhone Developer";
				COPY_PHASE_STRIP = NO;
				DEBUG_INFORMATION_FORMAT = dwarf;
				ENABLE_STRICT_OBJC_MSGSEND = YES;
				ENABLE_TESTABILITY = YES;
				GCC_C_LANGUAGE_STANDARD = gnu99;
				GCC_DYNAMIC_NO_PIC = NO;
				GCC_NO_COMMON_BLOCKS = YES;
				GCC_OPTIMIZATION_LEVEL = 0;
				GCC_PREPROCESSOR_DEFINITIONS = (
					"DEBUG=1",
					"$(inherited)",
				);
				GCC_WARN_64_TO_32_BIT_CONVERSION = YES;
				GCC_WARN_ABOUT_RETURN_TYPE = YES_ERROR;
				GCC_WARN_UNDECLARED_SELECTOR = YES;
				GCC_WARN_UNINITIALIZED_AUTOS = YES_AGGRESSIVE;
				GCC_WARN_UNUSED_FUNCTION = YES;
				GCC_WARN_UNUSED_VARIABLE = YES;
				IPHONEOS_DEPLOYMENT_TARGET = 10.3;
				MTL_ENABLE_DEBUG_INFO = YES;
				ONLY_ACTIVE_ARCH = YES;
				SDKROOT = iphoneos;
			};
			name = Debug;
		};
		E70666F81EF5285000855D2E /* Release */ = {
			isa = XCBuildConfiguration;
			buildSettings = {
				ALWAYS_SEARCH_USER_PATHS = NO;
				CLANG_ANALYZER_NONNULL = YES;
				CLANG_ANALYZER_NUMBER_OBJECT_CONVERSION = YES_AGGRESSIVE;
				CLANG_CXX_LANGUAGE_STANDARD = "gnu++0x";
				CLANG_CXX_LIBRARY = "libc++";
				CLANG_ENABLE_MODULES = YES;
				CLANG_ENABLE_OBJC_ARC = YES;
				CLANG_WARN_BOOL_CONVERSION = YES;
				CLANG_WARN_CONSTANT_CONVERSION = YES;
				CLANG_WARN_DIRECT_OBJC_ISA_USAGE = YES_ERROR;
				CLANG_WARN_DOCUMENTATION_COMMENTS = YES;
				CLANG_WARN_EMPTY_BODY = YES;
				CLANG_WARN_ENUM_CONVERSION = YES;
				CLANG_WARN_INFINITE_RECURSION = YES;
				CLANG_WARN_INT_CONVERSION = YES;
				CLANG_WARN_OBJC_ROOT_CLASS = YES_ERROR;
				CLANG_WARN_SUSPICIOUS_MOVE = YES;
				CLANG_WARN_UNREACHABLE_CODE = YES;
				CLANG_WARN__DUPLICATE_METHOD_MATCH = YES;
				"CODE_SIGN_IDENTITY[sdk=iphoneos*]" = "iPhone Developer";
				COPY_PHASE_STRIP = NO;
				DEBUG_INFORMATION_FORMAT = "dwarf-with-dsym";
				ENABLE_NS_ASSERTIONS = NO;
				ENABLE_STRICT_OBJC_MSGSEND = YES;
				GCC_C_LANGUAGE_STANDARD = gnu99;
				GCC_NO_COMMON_BLOCKS = YES;
				GCC_WARN_64_TO_32_BIT_CONVERSION = YES;
				GCC_WARN_ABOUT_RETURN_TYPE = YES_ERROR;
				GCC_WARN_UNDECLARED_SELECTOR = YES;
				GCC_WARN_UNINITIALIZED_AUTOS = YES_AGGRESSIVE;
				GCC_WARN_UNUSED_FUNCTION = YES;
				GCC_WARN_UNUSED_VARIABLE = YES;
				IPHONEOS_DEPLOYMENT_TARGET = 10.3;
				MTL_ENABLE_DEBUG_INFO = NO;
				SDKROOT = iphoneos;
				VALIDATE_PRODUCT = YES;
			};
			name = Release;
		};
		E70666FA1EF5285000855D2E /* Debug */ = {
			isa = XCBuildConfiguration;
			buildSettings = {
				ASSETCATALOG_COMPILER_APPICON_NAME = AppIcon;
				INFOPLIST_FILE = Deezer/Info.plist;
				LD_RUNPATH_SEARCH_PATHS = "$(inherited) @executable_path/Frameworks";
				PRODUCT_BUNDLE_IDENTIFIER = HomeLab.Deezer;
				PRODUCT_NAME = "$(TARGET_NAME)";
			};
			name = Debug;
		};
		E70666FB1EF5285000855D2E /* Release */ = {
			isa = XCBuildConfiguration;
			buildSettings = {
				ASSETCATALOG_COMPILER_APPICON_NAME = AppIcon;
				INFOPLIST_FILE = Deezer/Info.plist;
				LD_RUNPATH_SEARCH_PATHS = "$(inherited) @executable_path/Frameworks";
				PRODUCT_BUNDLE_IDENTIFIER = HomeLab.Deezer;
				PRODUCT_NAME = "$(TARGET_NAME)";
			};
			name = Release;
		};
/* End XCBuildConfiguration section */

/* Begin XCConfigurationList section */
		E70666DD1EF5285000855D2E /* Build configuration list for PBXProject "Deezer" */ = {
			isa = XCConfigurationList;
			buildConfigurations = (
				E70666F71EF5285000855D2E /* Debug */,
				E70666F81EF5285000855D2E /* Release */,
			);
			defaultConfigurationIsVisible = 0;
			defaultConfigurationName = Release;
		};
		E70666F91EF5285000855D2E /* Build configuration list for PBXNativeTarget "Deezer" */ = {
			isa = XCConfigurationList;
			buildConfigurations = (
				E70666FA1EF5285000855D2E /* Debug */,
				E70666FB1EF5285000855D2E /* Release */,
			);
			defaultConfigurationIsVisible = 0;
		};
/* End XCConfigurationList section */
	};
	rootObject = E70666DA1EF5285000855D2E /* Project object */;
}
